// !$*UTF8*$!
{
	archiveVersion = 1;
	classes = {
	};
	objectVersion = 56;
	objects = {

/* Begin PBXBuildFile section */
		9501CF4F2D04F64000B5A7C6 /* BaseTableViewCell.swift in Sources */ = {isa = PBXBuildFile; fileRef = 9501CF4E2D04F64000B5A7C6 /* BaseTableViewCell.swift */; };
		9501CF512D04F9C400B5A7C6 /* BaseCollectionViewCell.swift in Sources */ = {isa = PBXBuildFile; fileRef = 9501CF502D04F9C400B5A7C6 /* BaseCollectionViewCell.swift */; };
		950C17492CEFC99700F1454B /* AppDelegate.swift in Sources */ = {isa = PBXBuildFile; fileRef = 950C17482CEFC99700F1454B /* AppDelegate.swift */; };
		950C174B2CEFC99700F1454B /* SceneDelegate.swift in Sources */ = {isa = PBXBuildFile; fileRef = 950C174A2CEFC99700F1454B /* SceneDelegate.swift */; };
		950C174D2CEFC99700F1454B /* EntranceViewController.swift in Sources */ = {isa = PBXBuildFile; fileRef = 950C174C2CEFC99700F1454B /* EntranceViewController.swift */; };
		950C17522CEFC99B00F1454B /* Assets.xcassets in Resources */ = {isa = PBXBuildFile; fileRef = 950C17512CEFC99B00F1454B /* Assets.xcassets */; };
		950C17552CEFC99B00F1454B /* LaunchScreen.storyboard in Resources */ = {isa = PBXBuildFile; fileRef = 950C17532CEFC99B00F1454B /* LaunchScreen.storyboard */; };
		950C175E2CEFF32D00F1454B /* UIView+extension.swift in Sources */ = {isa = PBXBuildFile; fileRef = 950C175D2CEFF32D00F1454B /* UIView+extension.swift */; };
		950C17612CEFF37800F1454B /* IconNames.swift in Sources */ = {isa = PBXBuildFile; fileRef = 950C17602CEFF37800F1454B /* IconNames.swift */; };
		950C17662CF0707D00F1454B /* LocalizationKeys.swift in Sources */ = {isa = PBXBuildFile; fileRef = 950C17652CF0707C00F1454B /* LocalizationKeys.swift */; };
		950C17772CF2720400F1454B /* CustomTextField.swift in Sources */ = {isa = PBXBuildFile; fileRef = 950C17762CF2720400F1454B /* CustomTextField.swift */; };
		950C17822CF2914D00F1454B /* CGFloat+extension.swift in Sources */ = {isa = PBXBuildFile; fileRef = 950C17812CF2914D00F1454B /* CGFloat+extension.swift */; };
		950C17852CF2966900F1454B /* RegistrationViewController.swift in Sources */ = {isa = PBXBuildFile; fileRef = 950C17842CF2966900F1454B /* RegistrationViewController.swift */; };
		950C17882CF34A2800F1454B /* MainViewController.swift in Sources */ = {isa = PBXBuildFile; fileRef = 950C17872CF34A2700F1454B /* MainViewController.swift */; };
		950C178A2CF34FFE00F1454B /* Main.storyboard in Resources */ = {isa = PBXBuildFile; fileRef = 950C17892CF34FFE00F1454B /* Main.storyboard */; };
		950C17AE2CF3D3F500F1454B /* Localizable.strings in Resources */ = {isa = PBXBuildFile; fileRef = 950C17B02CF3D3F500F1454B /* Localizable.strings */; };
		95123DD72CF4808500118E4D /* MainTabBarController.swift in Sources */ = {isa = PBXBuildFile; fileRef = 95123DD62CF4808500118E4D /* MainTabBarController.swift */; };
		95123DE32D04D69B00118E4D /* MorningTableViewCell.swift in Sources */ = {isa = PBXBuildFile; fileRef = 95123DE22D04D69B00118E4D /* MorningTableViewCell.swift */; };
/* End PBXBuildFile section */

/* Begin PBXFileReference section */
		9501CF4E2D04F64000B5A7C6 /* BaseTableViewCell.swift */ = {isa = PBXFileReference; lastKnownFileType = sourcecode.swift; path = BaseTableViewCell.swift; sourceTree = "<group>"; };
		9501CF502D04F9C400B5A7C6 /* BaseCollectionViewCell.swift */ = {isa = PBXFileReference; lastKnownFileType = sourcecode.swift; path = BaseCollectionViewCell.swift; sourceTree = "<group>"; };
		950C17452CEFC99700F1454B /* VIGT App.app */ = {isa = PBXFileReference; explicitFileType = wrapper.application; includeInIndex = 0; path = "VIGT App.app"; sourceTree = BUILT_PRODUCTS_DIR; };
		950C17482CEFC99700F1454B /* AppDelegate.swift */ = {isa = PBXFileReference; lastKnownFileType = sourcecode.swift; path = AppDelegate.swift; sourceTree = "<group>"; };
		950C174A2CEFC99700F1454B /* SceneDelegate.swift */ = {isa = PBXFileReference; lastKnownFileType = sourcecode.swift; path = SceneDelegate.swift; sourceTree = "<group>"; };
		950C174C2CEFC99700F1454B /* EntranceViewController.swift */ = {isa = PBXFileReference; lastKnownFileType = sourcecode.swift; name = EntranceViewController.swift; path = "VIGT App/Modules/Entrance/EntranceViewController.swift"; sourceTree = SOURCE_ROOT; };
		950C17512CEFC99B00F1454B /* Assets.xcassets */ = {isa = PBXFileReference; lastKnownFileType = folder.assetcatalog; path = Assets.xcassets; sourceTree = "<group>"; };
		950C17542CEFC99B00F1454B /* Base */ = {isa = PBXFileReference; lastKnownFileType = file.storyboard; name = Base; path = Base.lproj/LaunchScreen.storyboard; sourceTree = "<group>"; };
		950C17562CEFC99B00F1454B /* Info.plist */ = {isa = PBXFileReference; lastKnownFileType = text.plist.xml; path = Info.plist; sourceTree = "<group>"; };
		950C175D2CEFF32D00F1454B /* UIView+extension.swift */ = {isa = PBXFileReference; lastKnownFileType = sourcecode.swift; path = "UIView+extension.swift"; sourceTree = "<group>"; };
		950C17602CEFF37800F1454B /* IconNames.swift */ = {isa = PBXFileReference; lastKnownFileType = sourcecode.swift; path = IconNames.swift; sourceTree = "<group>"; };
		950C17652CF0707C00F1454B /* LocalizationKeys.swift */ = {isa = PBXFileReference; lastKnownFileType = sourcecode.swift; path = LocalizationKeys.swift; sourceTree = "<group>"; };
		950C17762CF2720400F1454B /* CustomTextField.swift */ = {isa = PBXFileReference; lastKnownFileType = sourcecode.swift; path = CustomTextField.swift; sourceTree = "<group>"; };
		950C17812CF2914D00F1454B /* CGFloat+extension.swift */ = {isa = PBXFileReference; fileEncoding = 4; lastKnownFileType = sourcecode.swift; path = "CGFloat+extension.swift"; sourceTree = "<group>"; };
		950C17842CF2966900F1454B /* RegistrationViewController.swift */ = {isa = PBXFileReference; lastKnownFileType = sourcecode.swift; path = RegistrationViewController.swift; sourceTree = "<group>"; };
		950C17872CF34A2700F1454B /* MainViewController.swift */ = {isa = PBXFileReference; lastKnownFileType = sourcecode.swift; path = MainViewController.swift; sourceTree = "<group>"; };
		950C17892CF34FFE00F1454B /* Main.storyboard */ = {isa = PBXFileReference; lastKnownFileType = file.storyboard; path = Main.storyboard; sourceTree = "<group>"; };
		950C17AF2CF3D3F500F1454B /* en */ = {isa = PBXFileReference; lastKnownFileType = text.plist.strings; name = en; path = en.lproj/Localizable.strings; sourceTree = "<group>"; };
		950C17B12CF3D49600F1454B /* ru */ = {isa = PBXFileReference; lastKnownFileType = text.plist.strings; name = ru; path = ru.lproj/LaunchScreen.strings; sourceTree = "<group>"; };
		950C17B22CF3D49600F1454B /* ru */ = {isa = PBXFileReference; lastKnownFileType = text.plist.strings; name = ru; path = ru.lproj/Localizable.strings; sourceTree = "<group>"; };
		95123DD62CF4808500118E4D /* MainTabBarController.swift */ = {isa = PBXFileReference; lastKnownFileType = sourcecode.swift; path = MainTabBarController.swift; sourceTree = "<group>"; };
		95123DE22D04D69B00118E4D /* MorningTableViewCell.swift */ = {isa = PBXFileReference; lastKnownFileType = sourcecode.swift; path = MorningTableViewCell.swift; sourceTree = "<group>"; };
/* End PBXFileReference section */

/* Begin PBXFrameworksBuildPhase section */
		950C17422CEFC99700F1454B /* Frameworks */ = {
			isa = PBXFrameworksBuildPhase;
			buildActionMask = 2147483647;
			files = (
			);
			runOnlyForDeploymentPostprocessing = 0;
		};
/* End PBXFrameworksBuildPhase section */

/* Begin PBXGroup section */
		950C173C2CEFC99700F1454B = {
			isa = PBXGroup;
			children = (
				950C17472CEFC99700F1454B /* VIGT App */,
				950C17462CEFC99700F1454B /* Products */,
			);
			sourceTree = "<group>";
		};
		950C17462CEFC99700F1454B /* Products */ = {
			isa = PBXGroup;
			children = (
				950C17452CEFC99700F1454B /* VIGT App.app */,
			);
			name = Products;
			sourceTree = "<group>";
		};
		950C17472CEFC99700F1454B /* VIGT App */ = {
			isa = PBXGroup;
			children = (
				95123DE02D04D64200118E4D /* Cells */,
				950C17792CF280AE00F1454B /* Modules */,
				950C17642CF0705C00F1454B /* Localization */,
				950C175F2CEFF36000F1454B /* Helpers */,
				950C175C2CEFF31300F1454B /* Extensions */,
				950C17482CEFC99700F1454B /* AppDelegate.swift */,
				950C174A2CEFC99700F1454B /* SceneDelegate.swift */,
				950C17512CEFC99B00F1454B /* Assets.xcassets */,
				950C17532CEFC99B00F1454B /* LaunchScreen.storyboard */,
				950C17562CEFC99B00F1454B /* Info.plist */,
				950C17892CF34FFE00F1454B /* Main.storyboard */,
			);
			path = "VIGT App";
			sourceTree = "<group>";
		};
		950C175C2CEFF31300F1454B /* Extensions */ = {
			isa = PBXGroup;
			children = (
				950C17812CF2914D00F1454B /* CGFloat+extension.swift */,
				950C175D2CEFF32D00F1454B /* UIView+extension.swift */,
			);
			path = Extensions;
			sourceTree = "<group>";
		};
		950C175F2CEFF36000F1454B /* Helpers */ = {
			isa = PBXGroup;
			children = (
				950C17782CF2721400F1454B /* CustomViews */,
				950C17602CEFF37800F1454B /* IconNames.swift */,
			);
			path = Helpers;
			sourceTree = "<group>";
		};
		950C17642CF0705C00F1454B /* Localization */ = {
			isa = PBXGroup;
			children = (
				950C17652CF0707C00F1454B /* LocalizationKeys.swift */,
				950C17B02CF3D3F500F1454B /* Localizable.strings */,
			);
			path = Localization;
			sourceTree = "<group>";
		};
		950C17782CF2721400F1454B /* CustomViews */ = {
			isa = PBXGroup;
			children = (
				950C17762CF2720400F1454B /* CustomTextField.swift */,
			);
			path = CustomViews;
			sourceTree = "<group>";
		};
		950C17792CF280AE00F1454B /* Modules */ = {
			isa = PBXGroup;
			children = (
				950C17862CF349EF00F1454B /* Main */,
				950C17832CF2962900F1454B /* Registr */,
				950C177A2CF2813600F1454B /* Entrance */,
			);
			path = Modules;
			sourceTree = "<group>";
		};
		950C177A2CF2813600F1454B /* Entrance */ = {
			isa = PBXGroup;
			children = (
				950C174C2CEFC99700F1454B /* EntranceViewController.swift */,
			);
			path = Entrance;
			sourceTree = "<group>";
		};
		950C17832CF2962900F1454B /* Registr */ = {
			isa = PBXGroup;
			children = (
				950C17842CF2966900F1454B /* RegistrationViewController.swift */,
			);
			path = Registr;
			sourceTree = "<group>";
		};
		950C17862CF349EF00F1454B /* Main */ = {
			isa = PBXGroup;
			children = (
				95123DD32CF4801600118E4D /* TabBar */,
				950C17872CF34A2700F1454B /* MainViewController.swift */,
			);
			path = Main;
			sourceTree = "<group>";
		};
		95123DD32CF4801600118E4D /* TabBar */ = {
			isa = PBXGroup;
			children = (
				95123DD62CF4808500118E4D /* MainTabBarController.swift */,
			);
			path = TabBar;
			sourceTree = "<group>";
		};
		95123DE02D04D64200118E4D /* Cells */ = {
			isa = PBXGroup;
			children = (
				95123DE12D04D65100118E4D /* Main */,
			);
			path = Cells;
			sourceTree = "<group>";
		};
		95123DE12D04D65100118E4D /* Main */ = {
			isa = PBXGroup;
			children = (
				95123DE22D04D69B00118E4D /* MorningTableViewCell.swift */,
				9501CF4E2D04F64000B5A7C6 /* BaseTableViewCell.swift */,
				9501CF502D04F9C400B5A7C6 /* BaseCollectionViewCell.swift */,
			);
			path = Main;
			sourceTree = "<group>";
		};
/* End PBXGroup section */

/* Begin PBXNativeTarget section */
		950C17442CEFC99700F1454B /* VIGT App */ = {
			isa = PBXNativeTarget;
			buildConfigurationList = 950C17592CEFC99B00F1454B /* Build configuration list for PBXNativeTarget "VIGT App" */;
			buildPhases = (
				950C17412CEFC99700F1454B /* Sources */,
				950C17422CEFC99700F1454B /* Frameworks */,
				950C17432CEFC99700F1454B /* Resources */,
			);
			buildRules = (
			);
			dependencies = (
			);
			name = "VIGT App";
			productName = "VIGT App";
			productReference = 950C17452CEFC99700F1454B /* VIGT App.app */;
			productType = "com.apple.product-type.application";
		};
/* End PBXNativeTarget section */

/* Begin PBXProject section */
		950C173D2CEFC99700F1454B /* Project object */ = {
			isa = PBXProject;
			attributes = {
				BuildIndependentTargetsInParallel = 1;
				LastSwiftUpdateCheck = 1500;
				LastUpgradeCheck = 1500;
				TargetAttributes = {
					950C17442CEFC99700F1454B = {
						CreatedOnToolsVersion = 15.0.1;
					};
				};
			};
			buildConfigurationList = 950C17402CEFC99700F1454B /* Build configuration list for PBXProject "VIGT App" */;
			compatibilityVersion = "Xcode 14.0";
			developmentRegion = en;
			hasScannedForEncodings = 0;
			knownRegions = (
				en,
				Base,
				ru,
			);
			mainGroup = 950C173C2CEFC99700F1454B;
			productRefGroup = 950C17462CEFC99700F1454B /* Products */;
			projectDirPath = "";
			projectRoot = "";
			targets = (
				950C17442CEFC99700F1454B /* VIGT App */,
			);
		};
/* End PBXProject section */

/* Begin PBXResourcesBuildPhase section */
		950C17432CEFC99700F1454B /* Resources */ = {
			isa = PBXResourcesBuildPhase;
			buildActionMask = 2147483647;
			files = (
				950C17552CEFC99B00F1454B /* LaunchScreen.storyboard in Resources */,
				950C17AE2CF3D3F500F1454B /* Localizable.strings in Resources */,
				950C178A2CF34FFE00F1454B /* Main.storyboard in Resources */,
				950C17522CEFC99B00F1454B /* Assets.xcassets in Resources */,
			);
			runOnlyForDeploymentPostprocessing = 0;
		};
/* End PBXResourcesBuildPhase section */

/* Begin PBXSourcesBuildPhase section */
		950C17412CEFC99700F1454B /* Sources */ = {
			isa = PBXSourcesBuildPhase;
			buildActionMask = 2147483647;
			files = (
				950C17822CF2914D00F1454B /* CGFloat+extension.swift in Sources */,
				9501CF512D04F9C400B5A7C6 /* BaseCollectionViewCell.swift in Sources */,
				950C174D2CEFC99700F1454B /* EntranceViewController.swift in Sources */,
				95123DD72CF4808500118E4D /* MainTabBarController.swift in Sources */,
				950C17772CF2720400F1454B /* CustomTextField.swift in Sources */,
				950C17492CEFC99700F1454B /* AppDelegate.swift in Sources */,
				950C175E2CEFF32D00F1454B /* UIView+extension.swift in Sources */,
				95123DE32D04D69B00118E4D /* MorningTableViewCell.swift in Sources */,
				950C17852CF2966900F1454B /* RegistrationViewController.swift in Sources */,
				950C174B2CEFC99700F1454B /* SceneDelegate.swift in Sources */,
				950C17662CF0707D00F1454B /* LocalizationKeys.swift in Sources */,
				950C17612CEFF37800F1454B /* IconNames.swift in Sources */,
				9501CF4F2D04F64000B5A7C6 /* BaseTableViewCell.swift in Sources */,
				950C17882CF34A2800F1454B /* MainViewController.swift in Sources */,
			);
			runOnlyForDeploymentPostprocessing = 0;
		};
/* End PBXSourcesBuildPhase section */

/* Begin PBXVariantGroup section */
		950C17532CEFC99B00F1454B /* LaunchScreen.storyboard */ = {
			isa = PBXVariantGroup;
			children = (
				950C17542CEFC99B00F1454B /* Base */,
				950C17B12CF3D49600F1454B /* ru */,
			);
			name = LaunchScreen.storyboard;
			sourceTree = "<group>";
		};
		950C17B02CF3D3F500F1454B /* Localizable.strings */ = {
			isa = PBXVariantGroup;
			children = (
				950C17AF2CF3D3F500F1454B /* en */,
				950C17B22CF3D49600F1454B /* ru */,
			);
			name = Localizable.strings;
			sourceTree = "<group>";
		};
/* End PBXVariantGroup section */

/* Begin XCBuildConfiguration section */
		950C17572CEFC99B00F1454B /* Debug */ = {
			isa = XCBuildConfiguration;
			buildSettings = {
				ALWAYS_SEARCH_USER_PATHS = NO;
				ASSETCATALOG_COMPILER_GENERATE_SWIFT_ASSET_SYMBOL_EXTENSIONS = YES;
				CLANG_ANALYZER_LOCALIZABILITY_NONLOCALIZED = YES;
				CLANG_ANALYZER_NONNULL = YES;
				CLANG_ANALYZER_NUMBER_OBJECT_CONVERSION = YES_AGGRESSIVE;
				CLANG_CXX_LANGUAGE_STANDARD = "gnu++20";
				CLANG_ENABLE_MODULES = YES;
				CLANG_ENABLE_OBJC_ARC = YES;
				CLANG_ENABLE_OBJC_WEAK = YES;
				CLANG_WARN_BLOCK_CAPTURE_AUTORELEASING = YES;
				CLANG_WARN_BOOL_CONVERSION = YES;
				CLANG_WARN_COMMA = YES;
				CLANG_WARN_CONSTANT_CONVERSION = YES;
				CLANG_WARN_DEPRECATED_OBJC_IMPLEMENTATIONS = YES;
				CLANG_WARN_DIRECT_OBJC_ISA_USAGE = YES_ERROR;
				CLANG_WARN_DOCUMENTATION_COMMENTS = YES;
				CLANG_WARN_EMPTY_BODY = YES;
				CLANG_WARN_ENUM_CONVERSION = YES;
				CLANG_WARN_INFINITE_RECURSION = YES;
				CLANG_WARN_INT_CONVERSION = YES;
				CLANG_WARN_NON_LITERAL_NULL_CONVERSION = YES;
				CLANG_WARN_OBJC_IMPLICIT_RETAIN_SELF = YES;
				CLANG_WARN_OBJC_LITERAL_CONVERSION = YES;
				CLANG_WARN_OBJC_ROOT_CLASS = YES_ERROR;
				CLANG_WARN_QUOTED_INCLUDE_IN_FRAMEWORK_HEADER = YES;
				CLANG_WARN_RANGE_LOOP_ANALYSIS = YES;
				CLANG_WARN_STRICT_PROTOTYPES = YES;
				CLANG_WARN_SUSPICIOUS_MOVE = YES;
				CLANG_WARN_UNGUARDED_AVAILABILITY = YES_AGGRESSIVE;
				CLANG_WARN_UNREACHABLE_CODE = YES;
				CLANG_WARN__DUPLICATE_METHOD_MATCH = YES;
				COPY_PHASE_STRIP = NO;
				DEBUG_INFORMATION_FORMAT = dwarf;
				ENABLE_STRICT_OBJC_MSGSEND = YES;
				ENABLE_TESTABILITY = YES;
				ENABLE_USER_SCRIPT_SANDBOXING = YES;
				GCC_C_LANGUAGE_STANDARD = gnu17;
				GCC_DYNAMIC_NO_PIC = NO;
				GCC_NO_COMMON_BLOCKS = YES;
				GCC_OPTIMIZATION_LEVEL = 0;
				GCC_PREPROCESSOR_DEFINITIONS = (
					"DEBUG=1",
					"$(inherited)",
				);
				GCC_WARN_64_TO_32_BIT_CONVERSION = YES;
				GCC_WARN_ABOUT_RETURN_TYPE = YES_ERROR;
				GCC_WARN_UNDECLARED_SELECTOR = YES;
				GCC_WARN_UNINITIALIZED_AUTOS = YES_AGGRESSIVE;
				GCC_WARN_UNUSED_FUNCTION = YES;
				GCC_WARN_UNUSED_VARIABLE = YES;
				IPHONEOS_DEPLOYMENT_TARGET = 17.0;
				LOCALIZATION_PREFERS_STRING_CATALOGS = YES;
				MTL_ENABLE_DEBUG_INFO = INCLUDE_SOURCE;
				MTL_FAST_MATH = YES;
				ONLY_ACTIVE_ARCH = YES;
				SDKROOT = iphoneos;
				SWIFT_ACTIVE_COMPILATION_CONDITIONS = "DEBUG $(inherited)";
				SWIFT_OPTIMIZATION_LEVEL = "-Onone";
			};
			name = Debug;
		};
		950C17582CEFC99B00F1454B /* Release */ = {
			isa = XCBuildConfiguration;
			buildSettings = {
				ALWAYS_SEARCH_USER_PATHS = NO;
				ASSETCATALOG_COMPILER_GENERATE_SWIFT_ASSET_SYMBOL_EXTENSIONS = YES;
				CLANG_ANALYZER_LOCALIZABILITY_NONLOCALIZED = YES;
				CLANG_ANALYZER_NONNULL = YES;
				CLANG_ANALYZER_NUMBER_OBJECT_CONVERSION = YES_AGGRESSIVE;
				CLANG_CXX_LANGUAGE_STANDARD = "gnu++20";
				CLANG_ENABLE_MODULES = YES;
				CLANG_ENABLE_OBJC_ARC = YES;
				CLANG_ENABLE_OBJC_WEAK = YES;
				CLANG_WARN_BLOCK_CAPTURE_AUTORELEASING = YES;
				CLANG_WARN_BOOL_CONVERSION = YES;
				CLANG_WARN_COMMA = YES;
				CLANG_WARN_CONSTANT_CONVERSION = YES;
				CLANG_WARN_DEPRECATED_OBJC_IMPLEMENTATIONS = YES;
				CLANG_WARN_DIRECT_OBJC_ISA_USAGE = YES_ERROR;
				CLANG_WARN_DOCUMENTATION_COMMENTS = YES;
				CLANG_WARN_EMPTY_BODY = YES;
				CLANG_WARN_ENUM_CONVERSION = YES;
				CLANG_WARN_INFINITE_RECURSION = YES;
				CLANG_WARN_INT_CONVERSION = YES;
				CLANG_WARN_NON_LITERAL_NULL_CONVERSION = YES;
				CLANG_WARN_OBJC_IMPLICIT_RETAIN_SELF = YES;
				CLANG_WARN_OBJC_LITERAL_CONVERSION = YES;
				CLANG_WARN_OBJC_ROOT_CLASS = YES_ERROR;
				CLANG_WARN_QUOTED_INCLUDE_IN_FRAMEWORK_HEADER = YES;
				CLANG_WARN_RANGE_LOOP_ANALYSIS = YES;
				CLANG_WARN_STRICT_PROTOTYPES = YES;
				CLANG_WARN_SUSPICIOUS_MOVE = YES;
				CLANG_WARN_UNGUARDED_AVAILABILITY = YES_AGGRESSIVE;
				CLANG_WARN_UNREACHABLE_CODE = YES;
				CLANG_WARN__DUPLICATE_METHOD_MATCH = YES;
				COPY_PHASE_STRIP = NO;
				DEBUG_INFORMATION_FORMAT = "dwarf-with-dsym";
				ENABLE_NS_ASSERTIONS = NO;
				ENABLE_STRICT_OBJC_MSGSEND = YES;
				ENABLE_USER_SCRIPT_SANDBOXING = YES;
				GCC_C_LANGUAGE_STANDARD = gnu17;
				GCC_NO_COMMON_BLOCKS = YES;
				GCC_WARN_64_TO_32_BIT_CONVERSION = YES;
				GCC_WARN_ABOUT_RETURN_TYPE = YES_ERROR;
				GCC_WARN_UNDECLARED_SELECTOR = YES;
				GCC_WARN_UNINITIALIZED_AUTOS = YES_AGGRESSIVE;
				GCC_WARN_UNUSED_FUNCTION = YES;
				GCC_WARN_UNUSED_VARIABLE = YES;
				IPHONEOS_DEPLOYMENT_TARGET = 17.0;
				LOCALIZATION_PREFERS_STRING_CATALOGS = YES;
				MTL_ENABLE_DEBUG_INFO = NO;
				MTL_FAST_MATH = YES;
				SDKROOT = iphoneos;
				SWIFT_COMPILATION_MODE = wholemodule;
				VALIDATE_PRODUCT = YES;
			};
			name = Release;
		};
		950C175A2CEFC99B00F1454B /* Debug */ = {
			isa = XCBuildConfiguration;
			buildSettings = {
				ASSETCATALOG_COMPILER_APPICON_NAME = AppIcon;
				ASSETCATALOG_COMPILER_GLOBAL_ACCENT_COLOR_NAME = AccentColor;
				ASSETCATALOG_COMPILER_INCLUDE_ALL_APPICON_ASSETS = NO;
				CODE_SIGN_STYLE = Automatic;
				CURRENT_PROJECT_VERSION = 1;
				DEVELOPMENT_TEAM = VC4K7QVH4Y;
				GENERATE_INFOPLIST_FILE = YES;
				INFOPLIST_FILE = "VIGT App/Info.plist";
				INFOPLIST_KEY_UIApplicationSupportsIndirectInputEvents = YES;
				INFOPLIST_KEY_UILaunchStoryboardName = LaunchScreen;
				INFOPLIST_KEY_UIMainStoryboardFile = Main;
				INFOPLIST_KEY_UISupportedInterfaceOrientations_iPad = "UIInterfaceOrientationPortrait UIInterfaceOrientationPortraitUpsideDown UIInterfaceOrientationLandscapeLeft UIInterfaceOrientationLandscapeRight";
				INFOPLIST_KEY_UISupportedInterfaceOrientations_iPhone = "UIInterfaceOrientationPortrait UIInterfaceOrientationLandscapeLeft UIInterfaceOrientationLandscapeRight";
				IPHONEOS_DEPLOYMENT_TARGET = 15.0;
				LD_RUNPATH_SEARCH_PATHS = (
					"$(inherited)",
					"@executable_path/Frameworks",
				);
				MARKETING_VERSION = 1.0;
				PRODUCT_BUNDLE_IDENTIFIER = "ItAnanas.VIGT-App";
				PRODUCT_NAME = "$(TARGET_NAME)";
				SWIFT_EMIT_LOC_STRINGS = YES;
				SWIFT_VERSION = 5.0;
				TARGETED_DEVICE_FAMILY = "1,2";
			};
			name = Debug;
		};
		950C175B2CEFC99B00F1454B /* Release */ = {
			isa = XCBuildConfiguration;
			buildSettings = {
				ASSETCATALOG_COMPILER_APPICON_NAME = AppIcon;
				ASSETCATALOG_COMPILER_GLOBAL_ACCENT_COLOR_NAME = AccentColor;
				ASSETCATALOG_COMPILER_INCLUDE_ALL_APPICON_ASSETS = NO;
				CODE_SIGN_STYLE = Automatic;
				CURRENT_PROJECT_VERSION = 1;
				DEVELOPMENT_TEAM = VC4K7QVH4Y;
				GENERATE_INFOPLIST_FILE = YES;
				INFOPLIST_FILE = "VIGT App/Info.plist";
				INFOPLIST_KEY_UIApplicationSupportsIndirectInputEvents = YES;
				INFOPLIST_KEY_UILaunchStoryboardName = LaunchScreen;
				INFOPLIST_KEY_UIMainStoryboardFile = Main;
				INFOPLIST_KEY_UISupportedInterfaceOrientations_iPad = "UIInterfaceOrientationPortrait UIInterfaceOrientationPortraitUpsideDown UIInterfaceOrientationLandscapeLeft UIInterfaceOrientationLandscapeRight";
				INFOPLIST_KEY_UISupportedInterfaceOrientations_iPhone = "UIInterfaceOrientationPortrait UIInterfaceOrientationLandscapeLeft UIInterfaceOrientationLandscapeRight";
				IPHONEOS_DEPLOYMENT_TARGET = 15.0;
				LD_RUNPATH_SEARCH_PATHS = (
					"$(inherited)",
					"@executable_path/Frameworks",
				);
				MARKETING_VERSION = 1.0;
				PRODUCT_BUNDLE_IDENTIFIER = "ItAnanas.VIGT-App";
				PRODUCT_NAME = "$(TARGET_NAME)";
				SWIFT_EMIT_LOC_STRINGS = YES;
				SWIFT_VERSION = 5.0;
				TARGETED_DEVICE_FAMILY = "1,2";
			};
			name = Release;
		};
/* End XCBuildConfiguration section */

/* Begin XCConfigurationList section */
		950C17402CEFC99700F1454B /* Build configuration list for PBXProject "VIGT App" */ = {
			isa = XCConfigurationList;
			buildConfigurations = (
				950C17572CEFC99B00F1454B /* Debug */,
				950C17582CEFC99B00F1454B /* Release */,
			);
			defaultConfigurationIsVisible = 0;
			defaultConfigurationName = Release;
		};
		950C17592CEFC99B00F1454B /* Build configuration list for PBXNativeTarget "VIGT App" */ = {
			isa = XCConfigurationList;
			buildConfigurations = (
				950C175A2CEFC99B00F1454B /* Debug */,
				950C175B2CEFC99B00F1454B /* Release */,
			);
			defaultConfigurationIsVisible = 0;
			defaultConfigurationName = Release;
		};
/* End XCConfigurationList section */
	};
	rootObject = 950C173D2CEFC99700F1454B /* Project object */;
}
